
Microsoft Visual Studio Solution File, Format Version 12.00
# Visual Studio Version 16
VisualStudioVersion = 25.0.1703.6
MinimumVisualStudioVersion = 10.0.40219.1
Project("{FAE04EC0-301F-11D3-BF4B-00C04F79EFBC}") = "WPF_TodoList", "WPF_TodoList\WPF_TodoList.csproj", "{9CCA3792-12D5-483B-B8BD-0F79ACC52C15}"
EndProject
Global
	GlobalSection(SolutionConfigurationPlatforms) = preSolution
		Debug|Any CPU = Debug|Any CPU
		Release|Any CPU = Release|Any CPU
	EndGlobalSection
	GlobalSection(ProjectConfigurationPlatforms) = postSolution
		{9CCA3792-12D5-483B-B8BD-0F79ACC52C15}.Debug|Any CPU.ActiveCfg = Debug|Any CPU
		{9CCA3792-12D5-483B-B8BD-0F79ACC52C15}.Debug|Any CPU.Build.0 = Debug|Any CPU
		{9CCA3792-12D5-483B-B8BD-0F79ACC52C15}.Release|Any CPU.ActiveCfg = Release|Any CPU
		{9CCA3792-12D5-483B-B8BD-0F79ACC52C15}.Release|Any CPU.Build.0 = Release|Any CPU
	EndGlobalSection
	GlobalSection(SolutionProperties) = preSolution
		HideSolutionNode = FALSE
	EndGlobalSection
	GlobalSection(ExtensibilityGlobals) = postSolution
		SolutionGuid = {552F5E2B-098D-487D-955B-30AE40E55C80}
	EndGlobalSection
EndGlobal
